<?xml version="1.0" encoding="UTF-8"?>
<!DOCTYPE plist PUBLIC "-//Apple//DTD PLIST 1.0//EN" "http://www.apple.com/DTDs/PropertyList-1.0.dtd">
<plist version="1.0">
<dict>
	<key>archiveVersion</key>
	<string>1</string>
	<key>classes</key>
	<dict/>
	<key>objectVersion</key>
	<string>46</string>
	<key>objects</key>
	<dict>
		<key>0ACE1148B6CA4C8B8CC38E7D</key>
		<dict>
			<key>explicitFileType</key>
			<string>archive.ar</string>
			<key>includeInIndex</key>
			<string>0</string>
			<key>isa</key>
			<string>PBXFileReference</string>
			<key>name</key>
			<string>libPods.a</string>
			<key>path</key>
			<string>libPods.a</string>
			<key>sourceTree</key>
			<string>BUILT_PRODUCTS_DIR</string>
		</dict>
		<key>12EA8D1CDE9B4A02A1506D76</key>
		<dict>
			<key>buildActionMask</key>
			<string>2147483647</string>
			<key>files</key>
			<array/>
			<key>inputPaths</key>
			<array/>
			<key>isa</key>
			<string>PBXShellScriptBuildPhase</string>
			<key>name</key>
			<string>Copy Pods Resources</string>
			<key>outputPaths</key>
			<array/>
			<key>runOnlyForDeploymentPostprocessing</key>
			<string>0</string>
			<key>shellPath</key>
			<string>/bin/sh</string>
			<key>shellScript</key>
			<string>"${SRCROOT}/Pods/Pods-resources.sh"
</string>
			<key>showEnvVarsInLog</key>
			<string>1</string>
		</dict>
		<key>2B092D6916CF0CC000D72D4E</key>
		<dict>
			<key>children</key>
			<array>
				<string>2B092D7B16CF0CC000D72D4E</string>
				<string>2B092D9F16CF0CC100D72D4E</string>
				<string>2B092D7416CF0CC000D72D4E</string>
				<string>2B092D7316CF0CC000D72D4E</string>
				<string>964DBC1D9C2C4A6081C9CFFD</string>
			</array>
			<key>isa</key>
			<string>PBXGroup</string>
			<key>sourceTree</key>
			<string>&lt;group&gt;</string>
		</dict>
		<key>2B092D6A16CF0CC000D72D4E</key>
		<dict>
			<key>attributes</key>
			<dict>
				<key>CLASSPREFIX</key>
				<string>MM</string>
				<key>LastUpgradeCheck</key>
				<string>0460</string>
				<key>ORGANIZATIONNAME</key>
				<string>Hacker's Cafe</string>
			</dict>
			<key>buildConfigurationList</key>
			<string>2B092D6D16CF0CC000D72D4E</string>
			<key>compatibilityVersion</key>
			<string>Xcode 3.2</string>
			<key>developmentRegion</key>
			<string>English</string>
			<key>hasScannedForEncodings</key>
			<string>0</string>
			<key>isa</key>
			<string>PBXProject</string>
			<key>knownRegions</key>
			<array>
				<string>en</string>
			</array>
			<key>mainGroup</key>
			<string>2B092D6916CF0CC000D72D4E</string>
			<key>productRefGroup</key>
			<string>2B092D7316CF0CC000D72D4E</string>
			<key>projectDirPath</key>
			<string></string>
			<key>projectReferences</key>
			<array/>
			<key>projectRoot</key>
			<string></string>
			<key>targets</key>
			<array>
				<string>2B092D7116CF0CC000D72D4E</string>
				<string>2B092D9716CF0CC100D72D4E</string>
			</array>
		</dict>
		<key>2B092D6D16CF0CC000D72D4E</key>
		<dict>
			<key>buildConfigurations</key>
			<array>
				<string>2B092DA816CF0CC100D72D4E</string>
				<string>2B092DA916CF0CC100D72D4E</string>
			</array>
			<key>defaultConfigurationIsVisible</key>
			<string>0</string>
			<key>defaultConfigurationName</key>
			<string>Release</string>
			<key>isa</key>
			<string>XCConfigurationList</string>
		</dict>
		<key>2B092D6E16CF0CC000D72D4E</key>
		<dict>
			<key>buildActionMask</key>
			<string>2147483647</string>
			<key>files</key>
			<array>
				<string>2B092D8216CF0CC000D72D4E</string>
				<string>2B092D8616CF0CC000D72D4E</string>
				<string>2B092D9216CF0CC000D72D4E</string>
				<string>2BBE3A0816CF494400DF8344</string>
				<string>2BBE3A2016CF531E00DF8344</string>
				<string>2B6DD24116CF75D200DA082A</string>
			</array>
			<key>isa</key>
			<string>PBXSourcesBuildPhase</string>
			<key>runOnlyForDeploymentPostprocessing</key>
			<string>0</string>
		</dict>
		<key>2B092D6F16CF0CC000D72D4E</key>
		<dict>
			<key>buildActionMask</key>
			<string>2147483647</string>
			<key>files</key>
			<array>
				<string>2BBE3A1316CF4B0300DF8344</string>
				<string>2BBE3A1116CF4AF500DF8344</string>
				<string>2BBE3A0F16CF4AED00DF8344</string>
				<string>2BBE3A0D16CF4AE200DF8344</string>
				<string>2BBE3A0B16CF4AA200DF8344</string>
				<string>2B092D7616CF0CC000D72D4E</string>
				<string>2B092D7816CF0CC000D72D4E</string>
				<string>2B092D7A16CF0CC000D72D4E</string>
				<string>2BBE39D616CF48B700DF8344</string>
				<string>C77D0469D50D44BC831E64D1</string>
			</array>
			<key>isa</key>
			<string>PBXFrameworksBuildPhase</string>
			<key>runOnlyForDeploymentPostprocessing</key>
			<string>0</string>
		</dict>
		<key>2B092D7016CF0CC000D72D4E</key>
		<dict>
			<key>buildActionMask</key>
			<string>2147483647</string>
			<key>files</key>
			<array>
				<string>2B092D8016CF0CC000D72D4E</string>
				<string>2B092D8816CF0CC000D72D4E</string>
				<string>2B092D8A16CF0CC000D72D4E</string>
				<string>2B092D8C16CF0CC000D72D4E</string>
				<string>2B092D8F16CF0CC000D72D4E</string>
				<string>2B092DBB16CF3FEA00D72D4E</string>
				<string>2B092DBC16CF3FEA00D72D4E</string>
				<string>2B092DBD16CF3FEA00D72D4E</string>
				<string>2B092DBE16CF3FEA00D72D4E</string>
				<string>2B092DBF16CF3FEA00D72D4E</string>
				<string>2B092DC016CF3FEA00D72D4E</string>
				<string>2B092DC116CF3FEA00D72D4E</string>
				<string>2B092DC216CF3FEA00D72D4E</string>
				<string>2B092DC316CF3FEA00D72D4E</string>
				<string>2B092DC416CF3FEA00D72D4E</string>
				<string>2BBE39EE16CF48CF00DF8344</string>
				<string>2BBE39EF16CF48CF00DF8344</string>
				<string>2BBE39F016CF48CF00DF8344</string>
				<string>2BBE39F116CF48CF00DF8344</string>
				<string>2BBE39F216CF48CF00DF8344</string>
				<string>2BBE39F316CF48CF00DF8344</string>
				<string>2BBE39F416CF48CF00DF8344</string>
				<string>2BBE39F516CF48CF00DF8344</string>
				<string>2BBE39F616CF48CF00DF8344</string>
				<string>2BBE39F716CF48CF00DF8344</string>
				<string>2BBE39F816CF48CF00DF8344</string>
				<string>2BBE39F916CF48CF00DF8344</string>
				<string>2BBE39FA16CF48CF00DF8344</string>
				<string>2BBE39FB16CF48CF00DF8344</string>
				<string>2BBE39FC16CF48CF00DF8344</string>
				<string>2BBE39FD16CF48CF00DF8344</string>
				<string>2BBE39FE16CF48CF00DF8344</string>
				<string>2BBE39FF16CF48CF00DF8344</string>
				<string>2BBE3A0016CF48CF00DF8344</string>
				<string>2BBE3A0116CF48CF00DF8344</string>
				<string>2BBE3A0216CF48CF00DF8344</string>
				<string>2BBE3A0316CF48CF00DF8344</string>
				<string>2BBE3A1616CF4C5100DF8344</string>
				<string>2BBE3A1816CF4C9F00DF8344</string>
				<string>2BBE3A1B16CF4E5F00DF8344</string>
				<string>2BBE3A1C16CF4E5F00DF8344</string>
				<string>2B6DD22816CF60A100DA082A</string>
				<string>2B6DD22916CF60A100DA082A</string>
				<string>2B6DD23616CF747D00DA082A</string>
				<string>2B6DD23716CF747D00DA082A</string>
				<string>2B6DD23816CF747D00DA082A</string>
				<string>2B6DD23916CF747D00DA082A</string>
				<string>2B6DD23C16CF758300DA082A</string>
				<string>2B6DD23D16CF758300DA082A</string>
				<string>2BABF36016CF7CE7005B407B</string>
				<string>2BABF36116CF7CE7005B407B</string>
				<string>2BABF36416CF8233005B407B</string>
				<string>2BABF36516CF8233005B407B</string>
			</array>
			<key>isa</key>
			<string>PBXResourcesBuildPhase</string>
			<key>runOnlyForDeploymentPostprocessing</key>
			<string>0</string>
		</dict>
		<key>2B092D7116CF0CC000D72D4E</key>
		<dict>
			<key>buildConfigurationList</key>
			<string>2B092DAA16CF0CC100D72D4E</string>
			<key>buildPhases</key>
			<array>
				<string>2B092D6E16CF0CC000D72D4E</string>
				<string>2B092D6F16CF0CC000D72D4E</string>
				<string>2B092D7016CF0CC000D72D4E</string>
				<string>12EA8D1CDE9B4A02A1506D76</string>
			</array>
			<key>buildRules</key>
			<array/>
			<key>dependencies</key>
			<array/>
			<key>isa</key>
			<string>PBXNativeTarget</string>
			<key>name</key>
			<string>MoyaMap</string>
			<key>productName</key>
			<string>MoyaMap</string>
			<key>productReference</key>
			<string>2B092D7216CF0CC000D72D4E</string>
			<key>productType</key>
			<string>com.apple.product-type.application</string>
		</dict>
		<key>2B092D7216CF0CC000D72D4E</key>
		<dict>
			<key>explicitFileType</key>
			<string>wrapper.application</string>
			<key>includeInIndex</key>
			<string>0</string>
			<key>isa</key>
			<string>PBXFileReference</string>
			<key>path</key>
			<string>MoyaMap.app</string>
			<key>sourceTree</key>
			<string>BUILT_PRODUCTS_DIR</string>
		</dict>
		<key>2B092D7316CF0CC000D72D4E</key>
		<dict>
			<key>children</key>
			<array>
				<string>2B092D7216CF0CC000D72D4E</string>
				<string>2B092D9816CF0CC100D72D4E</string>
			</array>
			<key>isa</key>
			<string>PBXGroup</string>
			<key>name</key>
			<string>Products</string>
			<key>sourceTree</key>
			<string>&lt;group&gt;</string>
		</dict>
		<key>2B092D7416CF0CC000D72D4E</key>
		<dict>
			<key>children</key>
			<array>
				<string>2BBE3A1216CF4B0300DF8344</string>
				<string>2BBE3A1016CF4AF500DF8344</string>
				<string>2BBE3A0E16CF4AED00DF8344</string>
				<string>2BBE3A0C16CF4AE200DF8344</string>
				<string>2BBE3A0916CF4A9600DF8344</string>
				<string>2BBE39D516CF48B700DF8344</string>
				<string>2B092D7516CF0CC000D72D4E</string>
				<string>2B092D7716CF0CC000D72D4E</string>
				<string>2B092D7916CF0CC000D72D4E</string>
				<string>2B092D9916CF0CC100D72D4E</string>
				<string>0ACE1148B6CA4C8B8CC38E7D</string>
			</array>
			<key>isa</key>
			<string>PBXGroup</string>
			<key>name</key>
			<string>Frameworks</string>
			<key>sourceTree</key>
			<string>&lt;group&gt;</string>
		</dict>
		<key>2B092D7516CF0CC000D72D4E</key>
		<dict>
			<key>isa</key>
			<string>PBXFileReference</string>
			<key>lastKnownFileType</key>
			<string>wrapper.framework</string>
			<key>name</key>
			<string>UIKit.framework</string>
			<key>path</key>
			<string>System/Library/Frameworks/UIKit.framework</string>
			<key>sourceTree</key>
			<string>SDKROOT</string>
		</dict>
		<key>2B092D7616CF0CC000D72D4E</key>
		<dict>
			<key>fileRef</key>
			<string>2B092D7516CF0CC000D72D4E</string>
			<key>isa</key>
			<string>PBXBuildFile</string>
		</dict>
		<key>2B092D7716CF0CC000D72D4E</key>
		<dict>
			<key>isa</key>
			<string>PBXFileReference</string>
			<key>lastKnownFileType</key>
			<string>wrapper.framework</string>
			<key>name</key>
			<string>Foundation.framework</string>
			<key>path</key>
			<string>System/Library/Frameworks/Foundation.framework</string>
			<key>sourceTree</key>
			<string>SDKROOT</string>
		</dict>
		<key>2B092D7816CF0CC000D72D4E</key>
		<dict>
			<key>fileRef</key>
			<string>2B092D7716CF0CC000D72D4E</string>
			<key>isa</key>
			<string>PBXBuildFile</string>
		</dict>
		<key>2B092D7916CF0CC000D72D4E</key>
		<dict>
			<key>isa</key>
			<string>PBXFileReference</string>
			<key>lastKnownFileType</key>
			<string>wrapper.framework</string>
			<key>name</key>
			<string>CoreGraphics.framework</string>
			<key>path</key>
			<string>System/Library/Frameworks/CoreGraphics.framework</string>
			<key>sourceTree</key>
			<string>SDKROOT</string>
		</dict>
		<key>2B092D7A16CF0CC000D72D4E</key>
		<dict>
			<key>fileRef</key>
			<string>2B092D7916CF0CC000D72D4E</string>
			<key>isa</key>
			<string>PBXBuildFile</string>
		</dict>
		<key>2B092D7B16CF0CC000D72D4E</key>
		<dict>
			<key>children</key>
			<array>
				<string>2BBE3A0416CF492100DF8344</string>
				<string>2B092D8416CF0CC000D72D4E</string>
				<string>2B092D8516CF0CC000D72D4E</string>
				<string>2B092D8D16CF0CC000D72D4E</string>
				<string>2B092D9016CF0CC000D72D4E</string>
				<string>2B092D9116CF0CC000D72D4E</string>
				<string>2B092D7C16CF0CC000D72D4E</string>
			</array>
			<key>isa</key>
			<string>PBXGroup</string>
			<key>path</key>
			<string>MoyaMap</string>
			<key>sourceTree</key>
			<string>&lt;group&gt;</string>
		</dict>
		<key>2B092D7C16CF0CC000D72D4E</key>
		<dict>
			<key>children</key>
			<array>
				<string>2BBE3A1416CF4C4800DF8344</string>
				<string>2BBE39D716CF48CF00DF8344</string>
				<string>2B092DB016CF3FDE00D72D4E</string>
				<string>2B092D7D16CF0CC000D72D4E</string>
				<string>2B092D7E16CF0CC000D72D4E</string>
				<string>2B092D8116CF0CC000D72D4E</string>
				<string>2B092D8316CF0CC000D72D4E</string>
				<string>2B092D8716CF0CC000D72D4E</string>
				<string>2B092D8916CF0CC000D72D4E</string>
				<string>2B092D8B16CF0CC000D72D4E</string>
			</array>
			<key>isa</key>
			<string>PBXGroup</string>
			<key>name</key>
			<string>Supporting Files</string>
			<key>sourceTree</key>
			<string>&lt;group&gt;</string>
		</dict>
		<key>2B092D7D16CF0CC000D72D4E</key>
		<dict>
			<key>isa</key>
			<string>PBXFileReference</string>
			<key>lastKnownFileType</key>
			<string>text.plist.xml</string>
			<key>path</key>
			<string>MoyaMap-Info.plist</string>
			<key>sourceTree</key>
			<string>&lt;group&gt;</string>
		</dict>
		<key>2B092D7E16CF0CC000D72D4E</key>
		<dict>
			<key>children</key>
			<array>
				<string>2B092D7F16CF0CC000D72D4E</string>
			</array>
			<key>isa</key>
			<string>PBXVariantGroup</string>
			<key>name</key>
			<string>InfoPlist.strings</string>
			<key>sourceTree</key>
			<string>&lt;group&gt;</string>
		</dict>
		<key>2B092D7F16CF0CC000D72D4E</key>
		<dict>
			<key>isa</key>
			<string>PBXFileReference</string>
			<key>lastKnownFileType</key>
			<string>text.plist.strings</string>
			<key>name</key>
			<string>en</string>
			<key>path</key>
			<string>en.lproj/InfoPlist.strings</string>
			<key>sourceTree</key>
			<string>&lt;group&gt;</string>
		</dict>
		<key>2B092D8016CF0CC000D72D4E</key>
		<dict>
			<key>fileRef</key>
			<string>2B092D7E16CF0CC000D72D4E</string>
			<key>isa</key>
			<string>PBXBuildFile</string>
		</dict>
		<key>2B092D8116CF0CC000D72D4E</key>
		<dict>
			<key>isa</key>
			<string>PBXFileReference</string>
			<key>lastKnownFileType</key>
			<string>sourcecode.c.objc</string>
			<key>path</key>
			<string>main.m</string>
			<key>sourceTree</key>
			<string>&lt;group&gt;</string>
		</dict>
		<key>2B092D8216CF0CC000D72D4E</key>
		<dict>
			<key>fileRef</key>
			<string>2B092D8116CF0CC000D72D4E</string>
			<key>isa</key>
			<string>PBXBuildFile</string>
		</dict>
		<key>2B092D8316CF0CC000D72D4E</key>
		<dict>
			<key>isa</key>
			<string>PBXFileReference</string>
			<key>lastKnownFileType</key>
			<string>sourcecode.c.h</string>
			<key>path</key>
			<string>MoyaMap-Prefix.pch</string>
			<key>sourceTree</key>
			<string>&lt;group&gt;</string>
		</dict>
		<key>2B092D8416CF0CC000D72D4E</key>
		<dict>
			<key>isa</key>
			<string>PBXFileReference</string>
			<key>lastKnownFileType</key>
			<string>sourcecode.c.h</string>
			<key>path</key>
			<string>MMAppDelegate.h</string>
			<key>sourceTree</key>
			<string>&lt;group&gt;</string>
		</dict>
		<key>2B092D8516CF0CC000D72D4E</key>
		<dict>
			<key>isa</key>
			<string>PBXFileReference</string>
			<key>lastKnownFileType</key>
			<string>sourcecode.c.objc</string>
			<key>path</key>
			<string>MMAppDelegate.m</string>
			<key>sourceTree</key>
			<string>&lt;group&gt;</string>
		</dict>
		<key>2B092D8616CF0CC000D72D4E</key>
		<dict>
			<key>fileRef</key>
			<string>2B092D8516CF0CC000D72D4E</string>
			<key>isa</key>
			<string>PBXBuildFile</string>
		</dict>
		<key>2B092D8716CF0CC000D72D4E</key>
		<dict>
			<key>isa</key>
			<string>PBXFileReference</string>
			<key>lastKnownFileType</key>
			<string>image.png</string>
			<key>path</key>
			<string>Default.png</string>
			<key>sourceTree</key>
			<string>&lt;group&gt;</string>
		</dict>
		<key>2B092D8816CF0CC000D72D4E</key>
		<dict>
			<key>fileRef</key>
			<string>2B092D8716CF0CC000D72D4E</string>
			<key>isa</key>
			<string>PBXBuildFile</string>
		</dict>
		<key>2B092D8916CF0CC000D72D4E</key>
		<dict>
			<key>isa</key>
			<string>PBXFileReference</string>
			<key>lastKnownFileType</key>
			<string>image.png</string>
			<key>path</key>
			<string>Default@2x.png</string>
			<key>sourceTree</key>
			<string>&lt;group&gt;</string>
		</dict>
		<key>2B092D8A16CF0CC000D72D4E</key>
		<dict>
			<key>fileRef</key>
			<string>2B092D8916CF0CC000D72D4E</string>
			<key>isa</key>
			<string>PBXBuildFile</string>
		</dict>
		<key>2B092D8B16CF0CC000D72D4E</key>
		<dict>
			<key>isa</key>
			<string>PBXFileReference</string>
			<key>lastKnownFileType</key>
			<string>image.png</string>
			<key>path</key>
			<string>Default-568h@2x.png</string>
			<key>sourceTree</key>
			<string>&lt;group&gt;</string>
		</dict>
		<key>2B092D8C16CF0CC000D72D4E</key>
		<dict>
			<key>fileRef</key>
			<string>2B092D8B16CF0CC000D72D4E</string>
			<key>isa</key>
			<string>PBXBuildFile</string>
		</dict>
		<key>2B092D8D16CF0CC000D72D4E</key>
		<dict>
			<key>children</key>
			<array>
				<string>2B092D8E16CF0CC000D72D4E</string>
			</array>
			<key>isa</key>
			<string>PBXVariantGroup</string>
			<key>name</key>
			<string>MainStoryboard.storyboard</string>
			<key>sourceTree</key>
			<string>&lt;group&gt;</string>
		</dict>
		<key>2B092D8E16CF0CC000D72D4E</key>
		<dict>
			<key>isa</key>
			<string>PBXFileReference</string>
			<key>lastKnownFileType</key>
			<string>file.storyboard</string>
			<key>name</key>
			<string>en</string>
			<key>path</key>
			<string>en.lproj/MainStoryboard.storyboard</string>
			<key>sourceTree</key>
			<string>&lt;group&gt;</string>
		</dict>
		<key>2B092D8F16CF0CC000D72D4E</key>
		<dict>
			<key>fileRef</key>
			<string>2B092D8D16CF0CC000D72D4E</string>
			<key>isa</key>
			<string>PBXBuildFile</string>
		</dict>
		<key>2B092D9016CF0CC000D72D4E</key>
		<dict>
			<key>isa</key>
			<string>PBXFileReference</string>
			<key>lastKnownFileType</key>
			<string>sourcecode.c.h</string>
			<key>path</key>
			<string>MMViewController.h</string>
			<key>sourceTree</key>
			<string>&lt;group&gt;</string>
		</dict>
		<key>2B092D9116CF0CC000D72D4E</key>
		<dict>
			<key>isa</key>
			<string>PBXFileReference</string>
			<key>lastKnownFileType</key>
			<string>sourcecode.c.objc</string>
			<key>path</key>
			<string>MMViewController.m</string>
			<key>sourceTree</key>
			<string>&lt;group&gt;</string>
		</dict>
		<key>2B092D9216CF0CC000D72D4E</key>
		<dict>
			<key>fileRef</key>
			<string>2B092D9116CF0CC000D72D4E</string>
			<key>isa</key>
			<string>PBXBuildFile</string>
		</dict>
		<key>2B092D9316CF0CC100D72D4E</key>
		<dict>
			<key>buildActionMask</key>
			<string>2147483647</string>
			<key>files</key>
			<array>
				<string>2B092DA716CF0CC100D72D4E</string>
			</array>
			<key>isa</key>
			<string>PBXSourcesBuildPhase</string>
			<key>runOnlyForDeploymentPostprocessing</key>
			<string>0</string>
		</dict>
		<key>2B092D9416CF0CC100D72D4E</key>
		<dict>
			<key>buildActionMask</key>
			<string>2147483647</string>
			<key>files</key>
			<array>
				<string>2B092D9A16CF0CC100D72D4E</string>
				<string>2B092D9B16CF0CC100D72D4E</string>
				<string>2B092D9C16CF0CC100D72D4E</string>
			</array>
			<key>isa</key>
			<string>PBXFrameworksBuildPhase</string>
			<key>runOnlyForDeploymentPostprocessing</key>
			<string>0</string>
		</dict>
		<key>2B092D9516CF0CC100D72D4E</key>
		<dict>
			<key>buildActionMask</key>
			<string>2147483647</string>
			<key>files</key>
			<array>
				<string>2B092DA416CF0CC100D72D4E</string>
			</array>
			<key>isa</key>
			<string>PBXResourcesBuildPhase</string>
			<key>runOnlyForDeploymentPostprocessing</key>
			<string>0</string>
		</dict>
		<key>2B092D9616CF0CC100D72D4E</key>
		<dict>
			<key>buildActionMask</key>
			<string>2147483647</string>
			<key>files</key>
			<array/>
			<key>inputPaths</key>
			<array/>
			<key>isa</key>
			<string>PBXShellScriptBuildPhase</string>
			<key>outputPaths</key>
			<array/>
			<key>runOnlyForDeploymentPostprocessing</key>
			<string>0</string>
			<key>shellPath</key>
			<string>/bin/sh</string>
			<key>shellScript</key>
			<string># Run the unit tests in this test bundle.
"${SYSTEM_DEVELOPER_DIR}/Tools/RunUnitTests"
</string>
		</dict>
		<key>2B092D9716CF0CC100D72D4E</key>
		<dict>
			<key>buildConfigurationList</key>
			<string>2B092DAD16CF0CC100D72D4E</string>
			<key>buildPhases</key>
			<array>
				<string>2B092D9316CF0CC100D72D4E</string>
				<string>2B092D9416CF0CC100D72D4E</string>
				<string>2B092D9516CF0CC100D72D4E</string>
				<string>2B092D9616CF0CC100D72D4E</string>
			</array>
			<key>buildRules</key>
			<array/>
			<key>dependencies</key>
			<array>
				<string>2B092D9E16CF0CC100D72D4E</string>
			</array>
			<key>isa</key>
			<string>PBXNativeTarget</string>
			<key>name</key>
			<string>MoyaMapTests</string>
			<key>productName</key>
			<string>MoyaMapTests</string>
			<key>productReference</key>
			<string>2B092D9816CF0CC100D72D4E</string>
			<key>productType</key>
			<string>com.apple.product-type.bundle</string>
		</dict>
		<key>2B092D9816CF0CC100D72D4E</key>
		<dict>
			<key>explicitFileType</key>
			<string>wrapper.cfbundle</string>
			<key>includeInIndex</key>
			<string>0</string>
			<key>isa</key>
			<string>PBXFileReference</string>
			<key>path</key>
			<string>MoyaMapTests.octest</string>
			<key>sourceTree</key>
			<string>BUILT_PRODUCTS_DIR</string>
		</dict>
		<key>2B092D9916CF0CC100D72D4E</key>
		<dict>
			<key>isa</key>
			<string>PBXFileReference</string>
			<key>lastKnownFileType</key>
			<string>wrapper.framework</string>
			<key>name</key>
			<string>SenTestingKit.framework</string>
			<key>path</key>
			<string>Library/Frameworks/SenTestingKit.framework</string>
			<key>sourceTree</key>
			<string>DEVELOPER_DIR</string>
		</dict>
		<key>2B092D9A16CF0CC100D72D4E</key>
		<dict>
			<key>fileRef</key>
			<string>2B092D9916CF0CC100D72D4E</string>
			<key>isa</key>
			<string>PBXBuildFile</string>
		</dict>
		<key>2B092D9B16CF0CC100D72D4E</key>
		<dict>
			<key>fileRef</key>
			<string>2B092D7516CF0CC000D72D4E</string>
			<key>isa</key>
			<string>PBXBuildFile</string>
		</dict>
		<key>2B092D9C16CF0CC100D72D4E</key>
		<dict>
			<key>fileRef</key>
			<string>2B092D7716CF0CC000D72D4E</string>
			<key>isa</key>
			<string>PBXBuildFile</string>
		</dict>
		<key>2B092D9D16CF0CC100D72D4E</key>
		<dict>
			<key>containerPortal</key>
			<string>2B092D6A16CF0CC000D72D4E</string>
			<key>isa</key>
			<string>PBXContainerItemProxy</string>
			<key>proxyType</key>
			<string>1</string>
			<key>remoteGlobalIDString</key>
			<string>2B092D7116CF0CC000D72D4E</string>
			<key>remoteInfo</key>
			<string>MoyaMap</string>
		</dict>
		<key>2B092D9E16CF0CC100D72D4E</key>
		<dict>
			<key>isa</key>
			<string>PBXTargetDependency</string>
			<key>target</key>
			<string>2B092D7116CF0CC000D72D4E</string>
			<key>targetProxy</key>
			<string>2B092D9D16CF0CC100D72D4E</string>
		</dict>
		<key>2B092D9F16CF0CC100D72D4E</key>
		<dict>
			<key>children</key>
			<array>
				<string>2B092DA516CF0CC100D72D4E</string>
				<string>2B092DA616CF0CC100D72D4E</string>
				<string>2B092DA016CF0CC100D72D4E</string>
			</array>
			<key>isa</key>
			<string>PBXGroup</string>
			<key>path</key>
			<string>MoyaMapTests</string>
			<key>sourceTree</key>
			<string>&lt;group&gt;</string>
		</dict>
		<key>2B092DA016CF0CC100D72D4E</key>
		<dict>
			<key>children</key>
			<array>
				<string>2B092DA116CF0CC100D72D4E</string>
				<string>2B092DA216CF0CC100D72D4E</string>
			</array>
			<key>isa</key>
			<string>PBXGroup</string>
			<key>name</key>
			<string>Supporting Files</string>
			<key>sourceTree</key>
			<string>&lt;group&gt;</string>
		</dict>
		<key>2B092DA116CF0CC100D72D4E</key>
		<dict>
			<key>isa</key>
			<string>PBXFileReference</string>
			<key>lastKnownFileType</key>
			<string>text.plist.xml</string>
			<key>path</key>
			<string>MoyaMapTests-Info.plist</string>
			<key>sourceTree</key>
			<string>&lt;group&gt;</string>
		</dict>
		<key>2B092DA216CF0CC100D72D4E</key>
		<dict>
			<key>children</key>
			<array>
				<string>2B092DA316CF0CC100D72D4E</string>
			</array>
			<key>isa</key>
			<string>PBXVariantGroup</string>
			<key>name</key>
			<string>InfoPlist.strings</string>
			<key>sourceTree</key>
			<string>&lt;group&gt;</string>
		</dict>
		<key>2B092DA316CF0CC100D72D4E</key>
		<dict>
			<key>isa</key>
			<string>PBXFileReference</string>
			<key>lastKnownFileType</key>
			<string>text.plist.strings</string>
			<key>name</key>
			<string>en</string>
			<key>path</key>
			<string>en.lproj/InfoPlist.strings</string>
			<key>sourceTree</key>
			<string>&lt;group&gt;</string>
		</dict>
		<key>2B092DA416CF0CC100D72D4E</key>
		<dict>
			<key>fileRef</key>
			<string>2B092DA216CF0CC100D72D4E</string>
			<key>isa</key>
			<string>PBXBuildFile</string>
		</dict>
		<key>2B092DA516CF0CC100D72D4E</key>
		<dict>
			<key>isa</key>
			<string>PBXFileReference</string>
			<key>lastKnownFileType</key>
			<string>sourcecode.c.h</string>
			<key>path</key>
			<string>MoyaMapTests.h</string>
			<key>sourceTree</key>
			<string>&lt;group&gt;</string>
		</dict>
		<key>2B092DA616CF0CC100D72D4E</key>
		<dict>
			<key>isa</key>
			<string>PBXFileReference</string>
			<key>lastKnownFileType</key>
			<string>sourcecode.c.objc</string>
			<key>path</key>
			<string>MoyaMapTests.m</string>
			<key>sourceTree</key>
			<string>&lt;group&gt;</string>
		</dict>
		<key>2B092DA716CF0CC100D72D4E</key>
		<dict>
			<key>fileRef</key>
			<string>2B092DA616CF0CC100D72D4E</string>
			<key>isa</key>
			<string>PBXBuildFile</string>
		</dict>
		<key>2B092DA816CF0CC100D72D4E</key>
		<dict>
			<key>buildSettings</key>
			<dict>
				<key>ALWAYS_SEARCH_USER_PATHS</key>
				<string>NO</string>
				<key>CLANG_CXX_LANGUAGE_STANDARD</key>
				<string>gnu++0x</string>
				<key>CLANG_CXX_LIBRARY</key>
				<string>libc++</string>
				<key>CLANG_ENABLE_OBJC_ARC</key>
				<string>YES</string>
				<key>CLANG_WARN_CONSTANT_CONVERSION</key>
				<string>YES</string>
				<key>CLANG_WARN_EMPTY_BODY</key>
				<string>YES</string>
				<key>CLANG_WARN_ENUM_CONVERSION</key>
				<string>YES</string>
				<key>CLANG_WARN_INT_CONVERSION</key>
				<string>YES</string>
				<key>CLANG_WARN__DUPLICATE_METHOD_MATCH</key>
				<string>YES</string>
				<key>CODE_SIGN_IDENTITY[sdk=iphoneos*]</key>
				<string>iPhone Developer</string>
				<key>COPY_PHASE_STRIP</key>
				<string>NO</string>
				<key>GCC_C_LANGUAGE_STANDARD</key>
				<string>gnu99</string>
				<key>GCC_DYNAMIC_NO_PIC</key>
				<string>NO</string>
				<key>GCC_OPTIMIZATION_LEVEL</key>
				<string>0</string>
				<key>GCC_PREPROCESSOR_DEFINITIONS</key>
				<array>
					<string>DEBUG=1</string>
					<string>$(inherited)</string>
				</array>
				<key>GCC_SYMBOLS_PRIVATE_EXTERN</key>
				<string>NO</string>
				<key>GCC_WARN_ABOUT_RETURN_TYPE</key>
				<string>YES</string>
				<key>GCC_WARN_UNINITIALIZED_AUTOS</key>
				<string>YES</string>
				<key>GCC_WARN_UNUSED_VARIABLE</key>
				<string>YES</string>
				<key>IPHONEOS_DEPLOYMENT_TARGET</key>
				<string>6.1</string>
				<key>ONLY_ACTIVE_ARCH</key>
				<string>YES</string>
				<key>SDKROOT</key>
				<string>iphoneos</string>
			</dict>
			<key>isa</key>
			<string>XCBuildConfiguration</string>
			<key>name</key>
			<string>Debug</string>
		</dict>
		<key>2B092DA916CF0CC100D72D4E</key>
		<dict>
			<key>buildSettings</key>
			<dict>
				<key>ALWAYS_SEARCH_USER_PATHS</key>
				<string>NO</string>
				<key>CLANG_CXX_LANGUAGE_STANDARD</key>
				<string>gnu++0x</string>
				<key>CLANG_CXX_LIBRARY</key>
				<string>libc++</string>
				<key>CLANG_ENABLE_OBJC_ARC</key>
				<string>YES</string>
				<key>CLANG_WARN_CONSTANT_CONVERSION</key>
				<string>YES</string>
				<key>CLANG_WARN_EMPTY_BODY</key>
				<string>YES</string>
				<key>CLANG_WARN_ENUM_CONVERSION</key>
				<string>YES</string>
				<key>CLANG_WARN_INT_CONVERSION</key>
				<string>YES</string>
				<key>CLANG_WARN__DUPLICATE_METHOD_MATCH</key>
				<string>YES</string>
				<key>CODE_SIGN_IDENTITY[sdk=iphoneos*]</key>
				<string>iPhone Developer</string>
				<key>COPY_PHASE_STRIP</key>
				<string>YES</string>
				<key>GCC_C_LANGUAGE_STANDARD</key>
				<string>gnu99</string>
				<key>GCC_WARN_ABOUT_RETURN_TYPE</key>
				<string>YES</string>
				<key>GCC_WARN_UNINITIALIZED_AUTOS</key>
				<string>YES</string>
				<key>GCC_WARN_UNUSED_VARIABLE</key>
				<string>YES</string>
				<key>IPHONEOS_DEPLOYMENT_TARGET</key>
				<string>6.1</string>
				<key>OTHER_CFLAGS</key>
				<string>-DNS_BLOCK_ASSERTIONS=1</string>
				<key>SDKROOT</key>
				<string>iphoneos</string>
				<key>VALIDATE_PRODUCT</key>
				<string>YES</string>
			</dict>
			<key>isa</key>
			<string>XCBuildConfiguration</string>
			<key>name</key>
			<string>Release</string>
		</dict>
		<key>2B092DAA16CF0CC100D72D4E</key>
		<dict>
			<key>buildConfigurations</key>
			<array>
				<string>2B092DAB16CF0CC100D72D4E</string>
				<string>2B092DAC16CF0CC100D72D4E</string>
			</array>
			<key>defaultConfigurationIsVisible</key>
			<string>0</string>
			<key>defaultConfigurationName</key>
			<string>Release</string>
			<key>isa</key>
			<string>XCConfigurationList</string>
		</dict>
		<key>2B092DAB16CF0CC100D72D4E</key>
		<dict>
			<key>baseConfigurationReference</key>
			<string>964DBC1D9C2C4A6081C9CFFD</string>
			<key>buildSettings</key>
			<dict>
				<key>FRAMEWORK_SEARCH_PATHS</key>
				<array>
					<string>$(inherited)</string>
					<string>"$(SRCROOT)"</string>
				</array>
				<key>GCC_PRECOMPILE_PREFIX_HEADER</key>
				<string>YES</string>
				<key>GCC_PREFIX_HEADER</key>
				<string>MoyaMap/MoyaMap-Prefix.pch</string>
				<key>INFOPLIST_FILE</key>
				<string>MoyaMap/MoyaMap-Info.plist</string>
				<key>IPHONEOS_DEPLOYMENT_TARGET</key>
				<string>5.1</string>
				<key>PRODUCT_NAME</key>
				<string>$(TARGET_NAME)</string>
				<key>WRAPPER_EXTENSION</key>
				<string>app</string>
			</dict>
			<key>isa</key>
			<string>XCBuildConfiguration</string>
			<key>name</key>
			<string>Debug</string>
		</dict>
		<key>2B092DAC16CF0CC100D72D4E</key>
		<dict>
			<key>baseConfigurationReference</key>
			<string>964DBC1D9C2C4A6081C9CFFD</string>
			<key>buildSettings</key>
			<dict>
				<key>FRAMEWORK_SEARCH_PATHS</key>
				<array>
					<string>$(inherited)</string>
					<string>"$(SRCROOT)"</string>
				</array>
				<key>GCC_PRECOMPILE_PREFIX_HEADER</key>
				<string>YES</string>
				<key>GCC_PREFIX_HEADER</key>
				<string>MoyaMap/MoyaMap-Prefix.pch</string>
				<key>INFOPLIST_FILE</key>
				<string>MoyaMap/MoyaMap-Info.plist</string>
				<key>IPHONEOS_DEPLOYMENT_TARGET</key>
				<string>5.1</string>
				<key>PRODUCT_NAME</key>
				<string>$(TARGET_NAME)</string>
				<key>WRAPPER_EXTENSION</key>
				<string>app</string>
			</dict>
			<key>isa</key>
			<string>XCBuildConfiguration</string>
			<key>name</key>
			<string>Release</string>
		</dict>
		<key>2B092DAD16CF0CC100D72D4E</key>
		<dict>
			<key>buildConfigurations</key>
			<array>
				<string>2B092DAE16CF0CC100D72D4E</string>
				<string>2B092DAF16CF0CC100D72D4E</string>
			</array>
			<key>defaultConfigurationIsVisible</key>
			<string>0</string>
			<key>defaultConfigurationName</key>
			<string>Release</string>
			<key>isa</key>
			<string>XCConfigurationList</string>
		</dict>
		<key>2B092DAE16CF0CC100D72D4E</key>
		<dict>
			<key>buildSettings</key>
			<dict>
				<key>BUNDLE_LOADER</key>
				<string>$(BUILT_PRODUCTS_DIR)/MoyaMap.app/MoyaMap</string>
				<key>FRAMEWORK_SEARCH_PATHS</key>
				<array>
					<string>"$(SDKROOT)/Developer/Library/Frameworks"</string>
					<string>"$(DEVELOPER_LIBRARY_DIR)/Frameworks"</string>
				</array>
				<key>GCC_PRECOMPILE_PREFIX_HEADER</key>
				<string>YES</string>
				<key>GCC_PREFIX_HEADER</key>
				<string>MoyaMap/MoyaMap-Prefix.pch</string>
				<key>INFOPLIST_FILE</key>
				<string>MoyaMapTests/MoyaMapTests-Info.plist</string>
				<key>PRODUCT_NAME</key>
				<string>$(TARGET_NAME)</string>
				<key>TEST_HOST</key>
				<string>$(BUNDLE_LOADER)</string>
				<key>WRAPPER_EXTENSION</key>
				<string>octest</string>
			</dict>
			<key>isa</key>
			<string>XCBuildConfiguration</string>
			<key>name</key>
			<string>Debug</string>
		</dict>
		<key>2B092DAF16CF0CC100D72D4E</key>
		<dict>
			<key>buildSettings</key>
			<dict>
				<key>BUNDLE_LOADER</key>
				<string>$(BUILT_PRODUCTS_DIR)/MoyaMap.app/MoyaMap</string>
				<key>FRAMEWORK_SEARCH_PATHS</key>
				<array>
					<string>"$(SDKROOT)/Developer/Library/Frameworks"</string>
					<string>"$(DEVELOPER_LIBRARY_DIR)/Frameworks"</string>
				</array>
				<key>GCC_PRECOMPILE_PREFIX_HEADER</key>
				<string>YES</string>
				<key>GCC_PREFIX_HEADER</key>
				<string>MoyaMap/MoyaMap-Prefix.pch</string>
				<key>INFOPLIST_FILE</key>
				<string>MoyaMapTests/MoyaMapTests-Info.plist</string>
				<key>PRODUCT_NAME</key>
				<string>$(TARGET_NAME)</string>
				<key>TEST_HOST</key>
				<string>$(BUNDLE_LOADER)</string>
				<key>WRAPPER_EXTENSION</key>
				<string>octest</string>
			</dict>
			<key>isa</key>
			<string>XCBuildConfiguration</string>
			<key>name</key>
			<string>Release</string>
		</dict>
		<key>2B092DB016CF3FDE00D72D4E</key>
		<dict>
			<key>children</key>
			<array>
				<string>2B092DB116CF3FEA00D72D4E</string>
				<string>2B092DB216CF3FEA00D72D4E</string>
				<string>2B092DB316CF3FEA00D72D4E</string>
				<string>2B092DB416CF3FEA00D72D4E</string>
				<string>2B092DB516CF3FEA00D72D4E</string>
				<string>2B092DB616CF3FEA00D72D4E</string>
				<string>2B092DB716CF3FEA00D72D4E</string>
				<string>2B092DB816CF3FEA00D72D4E</string>
				<string>2B092DB916CF3FEA00D72D4E</string>
				<string>2B092DBA16CF3FEA00D72D4E</string>
			</array>
			<key>isa</key>
			<string>PBXGroup</string>
			<key>name</key>
			<string>icons</string>
			<key>sourceTree</key>
			<string>&lt;group&gt;</string>
		</dict>
		<key>2B092DB116CF3FEA00D72D4E</key>
		<dict>
			<key>isa</key>
			<string>PBXFileReference</string>
			<key>lastKnownFileType</key>
			<string>image.png</string>
			<key>path</key>
			<string>Icon-72.png</string>
			<key>sourceTree</key>
			<string>&lt;group&gt;</string>
		</dict>
		<key>2B092DB216CF3FEA00D72D4E</key>
		<dict>
			<key>isa</key>
			<string>PBXFileReference</string>
			<key>lastKnownFileType</key>
			<string>image.png</string>
			<key>path</key>
			<string>Icon-72@2x.png</string>
			<key>sourceTree</key>
			<string>&lt;group&gt;</string>
		</dict>
		<key>2B092DB316CF3FEA00D72D4E</key>
		<dict>
			<key>isa</key>
			<string>PBXFileReference</string>
			<key>lastKnownFileType</key>
			<string>image.png</string>
			<key>path</key>
			<string>Icon-Small-50.png</string>
			<key>sourceTree</key>
			<string>&lt;group&gt;</string>
		</dict>
		<key>2B092DB416CF3FEA00D72D4E</key>
		<dict>
			<key>isa</key>
			<string>PBXFileReference</string>
			<key>lastKnownFileType</key>
			<string>image.png</string>
			<key>path</key>
			<string>Icon-Small-50@2x.png</string>
			<key>sourceTree</key>
			<string>&lt;group&gt;</string>
		</dict>
		<key>2B092DB516CF3FEA00D72D4E</key>
		<dict>
			<key>isa</key>
			<string>PBXFileReference</string>
			<key>lastKnownFileType</key>
			<string>image.png</string>
			<key>path</key>
			<string>Icon-Small.png</string>
			<key>sourceTree</key>
			<string>&lt;group&gt;</string>
		</dict>
		<key>2B092DB616CF3FEA00D72D4E</key>
		<dict>
			<key>isa</key>
			<string>PBXFileReference</string>
			<key>lastKnownFileType</key>
			<string>image.png</string>
			<key>path</key>
			<string>Icon-Small@2x.png</string>
			<key>sourceTree</key>
			<string>&lt;group&gt;</string>
		</dict>
		<key>2B092DB716CF3FEA00D72D4E</key>
		<dict>
			<key>isa</key>
			<string>PBXFileReference</string>
			<key>lastKnownFileType</key>
			<string>image.png</string>
			<key>path</key>
			<string>Icon.png</string>
			<key>sourceTree</key>
			<string>&lt;group&gt;</string>
		</dict>
		<key>2B092DB816CF3FEA00D72D4E</key>
		<dict>
			<key>isa</key>
			<string>PBXFileReference</string>
			<key>lastKnownFileType</key>
			<string>image.png</string>
			<key>path</key>
			<string>Icon@2x.png</string>
			<key>sourceTree</key>
			<string>&lt;group&gt;</string>
		</dict>
		<key>2B092DB916CF3FEA00D72D4E</key>
		<dict>
			<key>isa</key>
			<string>PBXFileReference</string>
			<key>lastKnownFileType</key>
			<string>image.png</string>
			<key>path</key>
			<string>iTunesArtwork.png</string>
			<key>sourceTree</key>
			<string>&lt;group&gt;</string>
		</dict>
		<key>2B092DBA16CF3FEA00D72D4E</key>
		<dict>
			<key>isa</key>
			<string>PBXFileReference</string>
			<key>lastKnownFileType</key>
			<string>image.png</string>
			<key>path</key>
			<string>iTunesArtwork@2x.png</string>
			<key>sourceTree</key>
			<string>&lt;group&gt;</string>
		</dict>
		<key>2B092DBB16CF3FEA00D72D4E</key>
		<dict>
			<key>fileRef</key>
			<string>2B092DB116CF3FEA00D72D4E</string>
			<key>isa</key>
			<string>PBXBuildFile</string>
		</dict>
		<key>2B092DBC16CF3FEA00D72D4E</key>
		<dict>
			<key>fileRef</key>
			<string>2B092DB216CF3FEA00D72D4E</string>
			<key>isa</key>
			<string>PBXBuildFile</string>
		</dict>
		<key>2B092DBD16CF3FEA00D72D4E</key>
		<dict>
			<key>fileRef</key>
			<string>2B092DB316CF3FEA00D72D4E</string>
			<key>isa</key>
			<string>PBXBuildFile</string>
		</dict>
		<key>2B092DBE16CF3FEA00D72D4E</key>
		<dict>
			<key>fileRef</key>
			<string>2B092DB416CF3FEA00D72D4E</string>
			<key>isa</key>
			<string>PBXBuildFile</string>
		</dict>
		<key>2B092DBF16CF3FEA00D72D4E</key>
		<dict>
			<key>fileRef</key>
			<string>2B092DB516CF3FEA00D72D4E</string>
			<key>isa</key>
			<string>PBXBuildFile</string>
		</dict>
		<key>2B092DC016CF3FEA00D72D4E</key>
		<dict>
			<key>fileRef</key>
			<string>2B092DB616CF3FEA00D72D4E</string>
			<key>isa</key>
			<string>PBXBuildFile</string>
		</dict>
		<key>2B092DC116CF3FEA00D72D4E</key>
		<dict>
			<key>fileRef</key>
			<string>2B092DB716CF3FEA00D72D4E</string>
			<key>isa</key>
			<string>PBXBuildFile</string>
		</dict>
		<key>2B092DC216CF3FEA00D72D4E</key>
		<dict>
			<key>fileRef</key>
			<string>2B092DB816CF3FEA00D72D4E</string>
			<key>isa</key>
			<string>PBXBuildFile</string>
		</dict>
		<key>2B092DC316CF3FEA00D72D4E</key>
		<dict>
			<key>fileRef</key>
			<string>2B092DB916CF3FEA00D72D4E</string>
			<key>isa</key>
			<string>PBXBuildFile</string>
		</dict>
		<key>2B092DC416CF3FEA00D72D4E</key>
		<dict>
			<key>fileRef</key>
			<string>2B092DBA16CF3FEA00D72D4E</string>
			<key>isa</key>
			<string>PBXBuildFile</string>
		</dict>
		<key>2B6DD22616CF60A100DA082A</key>
		<dict>
			<key>isa</key>
			<string>PBXFileReference</string>
			<key>lastKnownFileType</key>
			<string>image.png</string>
			<key>path</key>
			<string>moya_on.png</string>
			<key>sourceTree</key>
			<string>&lt;group&gt;</string>
		</dict>
		<key>2B6DD22716CF60A100DA082A</key>
		<dict>
			<key>isa</key>
			<string>PBXFileReference</string>
			<key>lastKnownFileType</key>
			<string>image.png</string>
			<key>path</key>
			<string>moya_on@2x.png</string>
			<key>sourceTree</key>
			<string>&lt;group&gt;</string>
		</dict>
		<key>2B6DD22816CF60A100DA082A</key>
		<dict>
			<key>fileRef</key>
			<string>2B6DD22616CF60A100DA082A</string>
			<key>isa</key>
			<string>PBXBuildFile</string>
		</dict>
		<key>2B6DD22916CF60A100DA082A</key>
		<dict>
			<key>fileRef</key>
			<string>2B6DD22716CF60A100DA082A</string>
			<key>isa</key>
			<string>PBXBuildFile</string>
		</dict>
		<key>2B6DD23216CF747D00DA082A</key>
		<dict>
			<key>isa</key>
			<string>PBXFileReference</string>
			<key>lastKnownFileType</key>
			<string>image.png</string>
			<key>path</key>
			<string>moya_footer.png</string>
			<key>sourceTree</key>
			<string>&lt;group&gt;</string>
		</dict>
		<key>2B6DD23316CF747D00DA082A</key>
		<dict>
			<key>isa</key>
			<string>PBXFileReference</string>
			<key>lastKnownFileType</key>
			<string>image.png</string>
			<key>path</key>
			<string>moya_footer@2x.png</string>
			<key>sourceTree</key>
			<string>&lt;group&gt;</string>
		</dict>
		<key>2B6DD23416CF747D00DA082A</key>
		<dict>
			<key>isa</key>
			<string>PBXFileReference</string>
			<key>lastKnownFileType</key>
			<string>image.png</string>
			<key>path</key>
			<string>moya_header.png</string>
			<key>sourceTree</key>
			<string>&lt;group&gt;</string>
		</dict>
		<key>2B6DD23516CF747D00DA082A</key>
		<dict>
			<key>isa</key>
			<string>PBXFileReference</string>
			<key>lastKnownFileType</key>
			<string>image.png</string>
			<key>path</key>
			<string>moya_header@2x.png</string>
			<key>sourceTree</key>
			<string>&lt;group&gt;</string>
		</dict>
		<key>2B6DD23616CF747D00DA082A</key>
		<dict>
			<key>fileRef</key>
			<string>2B6DD23216CF747D00DA082A</string>
			<key>isa</key>
			<string>PBXBuildFile</string>
		</dict>
		<key>2B6DD23716CF747D00DA082A</key>
		<dict>
			<key>fileRef</key>
			<string>2B6DD23316CF747D00DA082A</string>
			<key>isa</key>
			<string>PBXBuildFile</string>
		</dict>
		<key>2B6DD23816CF747D00DA082A</key>
		<dict>
			<key>fileRef</key>
			<string>2B6DD23416CF747D00DA082A</string>
			<key>isa</key>
			<string>PBXBuildFile</string>
		</dict>
		<key>2B6DD23916CF747D00DA082A</key>
		<dict>
			<key>fileRef</key>
			<string>2B6DD23516CF747D00DA082A</string>
			<key>isa</key>
			<string>PBXBuildFile</string>
		</dict>
		<key>2B6DD23A16CF758300DA082A</key>
		<dict>
			<key>isa</key>
			<string>PBXFileReference</string>
			<key>lastKnownFileType</key>
			<string>image.png</string>
			<key>name</key>
			<string>btn_close.png</string>
			<key>path</key>
			<string>image/btn_close.png</string>
			<key>sourceTree</key>
			<string>&lt;group&gt;</string>
		</dict>
		<key>2B6DD23B16CF758300DA082A</key>
		<dict>
			<key>isa</key>
			<string>PBXFileReference</string>
			<key>lastKnownFileType</key>
			<string>image.png</string>
			<key>name</key>
			<string>btn_close@2x.png</string>
			<key>path</key>
			<string>image/btn_close@2x.png</string>
			<key>sourceTree</key>
			<string>&lt;group&gt;</string>
		</dict>
		<key>2B6DD23C16CF758300DA082A</key>
		<dict>
			<key>fileRef</key>
			<string>2B6DD23A16CF758300DA082A</string>
			<key>isa</key>
			<string>PBXBuildFile</string>
		</dict>
		<key>2B6DD23D16CF758300DA082A</key>
		<dict>
			<key>fileRef</key>
			<string>2B6DD23B16CF758300DA082A</string>
			<key>isa</key>
			<string>PBXBuildFile</string>
		</dict>
		<key>2B6DD23E16CF75B800DA082A</key>
		<dict>
			<key>children</key>
			<array>
				<string>2B6DD23F16CF75D200DA082A</string>
				<string>2B6DD24016CF75D200DA082A</string>
			</array>
			<key>isa</key>
			<string>PBXGroup</string>
			<key>name</key>
			<string>controllers</string>
			<key>sourceTree</key>
			<string>&lt;group&gt;</string>
		</dict>
		<key>2B6DD23F16CF75D200DA082A</key>
		<dict>
			<key>fileEncoding</key>
			<string>4</string>
			<key>isa</key>
			<string>PBXFileReference</string>
			<key>lastKnownFileType</key>
			<string>sourcecode.c.h</string>
			<key>name</key>
			<string>MMMoyaViewController.h</string>
			<key>path</key>
			<string>classes/controllers/MMMoyaViewController.h</string>
			<key>sourceTree</key>
			<string>&lt;group&gt;</string>
		</dict>
		<key>2B6DD24016CF75D200DA082A</key>
		<dict>
			<key>fileEncoding</key>
			<string>4</string>
			<key>isa</key>
			<string>PBXFileReference</string>
			<key>lastKnownFileType</key>
			<string>sourcecode.c.objc</string>
			<key>name</key>
			<string>MMMoyaViewController.m</string>
			<key>path</key>
			<string>classes/controllers/MMMoyaViewController.m</string>
			<key>sourceTree</key>
			<string>&lt;group&gt;</string>
		</dict>
		<key>2B6DD24116CF75D200DA082A</key>
		<dict>
			<key>fileRef</key>
			<string>2B6DD24016CF75D200DA082A</string>
			<key>isa</key>
			<string>PBXBuildFile</string>
		</dict>
		<key>2BABF35E16CF7CE7005B407B</key>
		<dict>
			<key>isa</key>
			<string>PBXFileReference</string>
			<key>lastKnownFileType</key>
			<string>image.jpeg</string>
			<key>name</key>
			<string>user1@2x.jpg</string>
			<key>path</key>
			<string>image/user1@2x.jpg</string>
			<key>sourceTree</key>
			<string>&lt;group&gt;</string>
		</dict>
		<key>2BABF35F16CF7CE7005B407B</key>
		<dict>
			<key>isa</key>
			<string>PBXFileReference</string>
			<key>lastKnownFileType</key>
			<string>image.jpeg</string>
			<key>name</key>
			<string>user1.jpg</string>
			<key>path</key>
			<string>image/user1.jpg</string>
			<key>sourceTree</key>
			<string>&lt;group&gt;</string>
		</dict>
		<key>2BABF36016CF7CE7005B407B</key>
		<dict>
			<key>fileRef</key>
			<string>2BABF35E16CF7CE7005B407B</string>
			<key>isa</key>
			<string>PBXBuildFile</string>
		</dict>
		<key>2BABF36116CF7CE7005B407B</key>
		<dict>
			<key>fileRef</key>
			<string>2BABF35F16CF7CE7005B407B</string>
			<key>isa</key>
			<string>PBXBuildFile</string>
		</dict>
		<key>2BABF36216CF8233005B407B</key>
		<dict>
			<key>isa</key>
			<string>PBXFileReference</string>
			<key>lastKnownFileType</key>
			<string>image.png</string>
			<key>name</key>
			<string>btn_map.png</string>
			<key>path</key>
			<string>image/btn_map.png</string>
			<key>sourceTree</key>
			<string>&lt;group&gt;</string>
		</dict>
		<key>2BABF36316CF8233005B407B</key>
		<dict>
			<key>isa</key>
			<string>PBXFileReference</string>
			<key>lastKnownFileType</key>
			<string>image.png</string>
			<key>name</key>
			<string>btn_map@2x.png</string>
			<key>path</key>
			<string>image/btn_map@2x.png</string>
			<key>sourceTree</key>
			<string>&lt;group&gt;</string>
		</dict>
		<key>2BABF36416CF8233005B407B</key>
		<dict>
			<key>fileRef</key>
			<string>2BABF36216CF8233005B407B</string>
			<key>isa</key>
			<string>PBXBuildFile</string>
		</dict>
		<key>2BABF36516CF8233005B407B</key>
		<dict>
			<key>fileRef</key>
			<string>2BABF36316CF8233005B407B</string>
			<key>isa</key>
			<string>PBXBuildFile</string>
		</dict>
		<key>2BABF36616CF8541005B407B</key>
		<dict>
			<key>children</key>
			<array/>
			<key>isa</key>
			<string>PBXGroup</string>
			<key>name</key>
			<string>models</string>
			<key>sourceTree</key>
			<string>&lt;group&gt;</string>
		</dict>
		<key>2BBE39D516CF48B700DF8344</key>
		<dict>
			<key>isa</key>
			<string>PBXFileReference</string>
			<key>lastKnownFileType</key>
			<string>wrapper.framework</string>
			<key>path</key>
			<string>YMapKit.framework</string>
			<key>sourceTree</key>
			<string>&lt;group&gt;</string>
		</dict>
		<key>2BBE39D616CF48B700DF8344</key>
		<dict>
			<key>fileRef</key>
			<string>2BBE39D516CF48B700DF8344</string>
			<key>isa</key>
			<string>PBXBuildFile</string>
		</dict>
		<key>2BBE39D716CF48CF00DF8344</key>
		<dict>
			<key>children</key>
			<array>
				<string>2BBE39D816CF48CF00DF8344</string>
				<string>2BBE39D916CF48CF00DF8344</string>
				<string>2BBE39DA16CF48CF00DF8344</string>
				<string>2BBE39DB16CF48CF00DF8344</string>
				<string>2BBE39DC16CF48CF00DF8344</string>
				<string>2BBE39DD16CF48CF00DF8344</string>
				<string>2BBE39DE16CF48CF00DF8344</string>
				<string>2BBE39DF16CF48CF00DF8344</string>
				<string>2BBE39E016CF48CF00DF8344</string>
				<string>2BBE39E116CF48CF00DF8344</string>
				<string>2BBE39E216CF48CF00DF8344</string>
				<string>2BBE39E316CF48CF00DF8344</string>
				<string>2BBE39E416CF48CF00DF8344</string>
				<string>2BBE39E516CF48CF00DF8344</string>
				<string>2BBE39E616CF48CF00DF8344</string>
				<string>2BBE39E716CF48CF00DF8344</string>
				<string>2BBE39E816CF48CF00DF8344</string>
				<string>2BBE39E916CF48CF00DF8344</string>
				<string>2BBE39EA16CF48CF00DF8344</string>
				<string>2BBE39EB16CF48CF00DF8344</string>
				<string>2BBE39EC16CF48CF00DF8344</string>
				<string>2BBE39ED16CF48CF00DF8344</string>
			</array>
			<key>isa</key>
			<string>PBXGroup</string>
			<key>name</key>
			<string>ymapimage</string>
			<key>path</key>
			<string>image</string>
			<key>sourceTree</key>
			<string>&lt;group&gt;</string>
		</dict>
		<key>2BBE39D816CF48CF00DF8344</key>
		<dict>
			<key>isa</key>
			<string>PBXFileReference</string>
			<key>lastKnownFileType</key>
			<string>image.png</string>
			<key>name</key>
			<string>compass48.png</string>
			<key>path</key>
			<string>../ymapimage/compass48.png</string>
			<key>sourceTree</key>
			<string>&lt;group&gt;</string>
		</dict>
		<key>2BBE39D916CF48CF00DF8344</key>
		<dict>
			<key>isa</key>
			<string>PBXFileReference</string>
			<key>lastKnownFileType</key>
			<string>image.png</string>
			<key>name</key>
			<string>compass48@2x.png</string>
			<key>path</key>
			<string>../ymapimage/compass48@2x.png</string>
			<key>sourceTree</key>
			<string>&lt;group&gt;</string>
		</dict>
		<key>2BBE39DA16CF48CF00DF8344</key>
		<dict>
			<key>isa</key>
			<string>PBXFileReference</string>
			<key>lastKnownFileType</key>
			<string>image.png</string>
			<key>name</key>
			<string>goal.png</string>
			<key>path</key>
			<string>../ymapimage/goal.png</string>
			<key>sourceTree</key>
			<string>&lt;group&gt;</string>
		</dict>
		<key>2BBE39DB16CF48CF00DF8344</key>
		<dict>
			<key>isa</key>
			<string>PBXFileReference</string>
			<key>lastKnownFileType</key>
			<string>image.png</string>
			<key>name</key>
			<string>goal@2x.png</string>
			<key>path</key>
			<string>../ymapimage/goal@2x.png</string>
			<key>sourceTree</key>
			<string>&lt;group&gt;</string>
		</dict>
		<key>2BBE39DC16CF48CF00DF8344</key>
		<dict>
			<key>isa</key>
			<string>PBXFileReference</string>
			<key>lastKnownFileType</key>
			<string>image.png</string>
			<key>name</key>
			<string>pin_green_s.png</string>
			<key>path</key>
			<string>../ymapimage/pin_green_s.png</string>
			<key>sourceTree</key>
			<string>&lt;group&gt;</string>
		</dict>
		<key>2BBE39DD16CF48CF00DF8344</key>
		<dict>
			<key>isa</key>
			<string>PBXFileReference</string>
			<key>lastKnownFileType</key>
			<string>image.png</string>
			<key>name</key>
			<string>pin_green_s@2x.png</string>
			<key>path</key>
			<string>../ymapimage/pin_green_s@2x.png</string>
			<key>sourceTree</key>
			<string>&lt;group&gt;</string>
		</dict>
		<key>2BBE39DE16CF48CF00DF8344</key>
		<dict>
			<key>isa</key>
			<string>PBXFileReference</string>
			<key>lastKnownFileType</key>
			<string>image.png</string>
			<key>name</key>
			<string>pin_head_l.png</string>
			<key>path</key>
			<string>../ymapimage/pin_head_l.png</string>
			<key>sourceTree</key>
			<string>&lt;group&gt;</string>
		</dict>
		<key>2BBE39DF16CF48CF00DF8344</key>
		<dict>
			<key>isa</key>
			<string>PBXFileReference</string>
			<key>lastKnownFileType</key>
			<string>image.png</string>
			<key>name</key>
			<string>pin_head_s.png</string>
			<key>path</key>
			<string>../ymapimage/pin_head_s.png</string>
			<key>sourceTree</key>
			<string>&lt;group&gt;</string>
		</dict>
		<key>2BBE39E016CF48CF00DF8344</key>
		<dict>
			<key>isa</key>
			<string>PBXFileReference</string>
			<key>lastKnownFileType</key>
			<string>image.png</string>
			<key>name</key>
			<string>pin_purple_s.png</string>
			<key>path</key>
			<string>../ymapimage/pin_purple_s.png</string>
			<key>sourceTree</key>
			<string>&lt;group&gt;</string>
		</dict>
		<key>2BBE39E116CF48CF00DF8344</key>
		<dict>
			<key>isa</key>
			<string>PBXFileReference</string>
			<key>lastKnownFileType</key>
			<string>image.png</string>
			<key>name</key>
			<string>pin_purple_s@2x.png</string>
			<key>path</key>
			<string>../ymapimage/pin_purple_s@2x.png</string>
			<key>sourceTree</key>
			<string>&lt;group&gt;</string>
		</dict>
		<key>2BBE39E216CF48CF00DF8344</key>
		<dict>
			<key>isa</key>
			<string>PBXFileReference</string>
			<key>lastKnownFileType</key>
			<string>image.png</string>
			<key>name</key>
			<string>pin_red_s.png</string>
			<key>path</key>
			<string>../ymapimage/pin_red_s.png</string>
			<key>sourceTree</key>
			<string>&lt;group&gt;</string>
		</dict>
		<key>2BBE39E316CF48CF00DF8344</key>
		<dict>
			<key>isa</key>
			<string>PBXFileReference</string>
			<key>lastKnownFileType</key>
			<string>image.png</string>
			<key>name</key>
			<string>pin_red_s@2x.png</string>
			<key>path</key>
			<string>../ymapimage/pin_red_s@2x.png</string>
			<key>sourceTree</key>
			<string>&lt;group&gt;</string>
		</dict>
		<key>2BBE39E416CF48CF00DF8344</key>
		<dict>
			<key>isa</key>
			<string>PBXFileReference</string>
			<key>lastKnownFileType</key>
			<string>image.png</string>
			<key>name</key>
			<string>purple_arrow.png</string>
			<key>path</key>
			<string>../ymapimage/purple_arrow.png</string>
			<key>sourceTree</key>
			<string>&lt;group&gt;</string>
		</dict>
		<key>2BBE39E516CF48CF00DF8344</key>
		<dict>
			<key>isa</key>
			<string>PBXFileReference</string>
			<key>lastKnownFileType</key>
			<string>image.png</string>
			<key>name</key>
			<string>route_goal_pin.png</string>
			<key>path</key>
			<string>../ymapimage/route_goal_pin.png</string>
			<key>sourceTree</key>
			<string>&lt;group&gt;</string>
		</dict>
		<key>2BBE39E616CF48CF00DF8344</key>
		<dict>
			<key>isa</key>
			<string>PBXFileReference</string>
			<key>lastKnownFileType</key>
			<string>image.png</string>
			<key>name</key>
			<string>route_goal_pin@2x.png</string>
			<key>path</key>
			<string>../ymapimage/route_goal_pin@2x.png</string>
			<key>sourceTree</key>
			<string>&lt;group&gt;</string>
		</dict>
		<key>2BBE39E716CF48CF00DF8344</key>
		<dict>
			<key>isa</key>
			<string>PBXFileReference</string>
			<key>lastKnownFileType</key>
			<string>image.png</string>
			<key>name</key>
			<string>route_pin.png</string>
			<key>path</key>
			<string>../ymapimage/route_pin.png</string>
			<key>sourceTree</key>
			<string>&lt;group&gt;</string>
		</dict>
		<key>2BBE39E816CF48CF00DF8344</key>
		<dict>
			<key>isa</key>
			<string>PBXFileReference</string>
			<key>lastKnownFileType</key>
			<string>image.png</string>
			<key>name</key>
			<string>route_pin@2x.png</string>
			<key>path</key>
			<string>../ymapimage/route_pin@2x.png</string>
			<key>sourceTree</key>
			<string>&lt;group&gt;</string>
		</dict>
		<key>2BBE39E916CF48CF00DF8344</key>
		<dict>
			<key>isa</key>
			<string>PBXFileReference</string>
			<key>lastKnownFileType</key>
			<string>image.png</string>
			<key>name</key>
			<string>route_start_pin.png</string>
			<key>path</key>
			<string>../ymapimage/route_start_pin.png</string>
			<key>sourceTree</key>
			<string>&lt;group&gt;</string>
		</dict>
		<key>2BBE39EA16CF48CF00DF8344</key>
		<dict>
			<key>isa</key>
			<string>PBXFileReference</string>
			<key>lastKnownFileType</key>
			<string>image.png</string>
			<key>name</key>
			<string>route_start_pin@2x.png</string>
			<key>path</key>
			<string>../ymapimage/route_start_pin@2x.png</string>
			<key>sourceTree</key>
			<string>&lt;group&gt;</string>
		</dict>
		<key>2BBE39EB16CF48CF00DF8344</key>
		<dict>
			<key>isa</key>
			<string>PBXFileReference</string>
			<key>lastKnownFileType</key>
			<string>image.png</string>
			<key>name</key>
			<string>via.png</string>
			<key>path</key>
			<string>../ymapimage/via.png</string>
			<key>sourceTree</key>
			<string>&lt;group&gt;</string>
		</dict>
		<key>2BBE39EC16CF48CF00DF8344</key>
		<dict>
			<key>isa</key>
			<string>PBXFileReference</string>
			<key>lastKnownFileType</key>
			<string>image.png</string>
			<key>name</key>
			<string>via@2x.png</string>
			<key>path</key>
			<string>../ymapimage/via@2x.png</string>
			<key>sourceTree</key>
			<string>&lt;group&gt;</string>
		</dict>
		<key>2BBE39ED16CF48CF00DF8344</key>
		<dict>
			<key>isa</key>
			<string>PBXFileReference</string>
			<key>lastKnownFileType</key>
			<string>image.png</string>
			<key>name</key>
			<string>yback.png</string>
			<key>path</key>
			<string>../ymapimage/yback.png</string>
			<key>sourceTree</key>
			<string>&lt;group&gt;</string>
		</dict>
		<key>2BBE39EE16CF48CF00DF8344</key>
		<dict>
			<key>fileRef</key>
			<string>2BBE39D816CF48CF00DF8344</string>
			<key>isa</key>
			<string>PBXBuildFile</string>
		</dict>
		<key>2BBE39EF16CF48CF00DF8344</key>
		<dict>
			<key>fileRef</key>
			<string>2BBE39D916CF48CF00DF8344</string>
			<key>isa</key>
			<string>PBXBuildFile</string>
		</dict>
		<key>2BBE39F016CF48CF00DF8344</key>
		<dict>
			<key>fileRef</key>
			<string>2BBE39DA16CF48CF00DF8344</string>
			<key>isa</key>
			<string>PBXBuildFile</string>
		</dict>
		<key>2BBE39F116CF48CF00DF8344</key>
		<dict>
			<key>fileRef</key>
			<string>2BBE39DB16CF48CF00DF8344</string>
			<key>isa</key>
			<string>PBXBuildFile</string>
		</dict>
		<key>2BBE39F216CF48CF00DF8344</key>
		<dict>
			<key>fileRef</key>
			<string>2BBE39DC16CF48CF00DF8344</string>
			<key>isa</key>
			<string>PBXBuildFile</string>
		</dict>
		<key>2BBE39F316CF48CF00DF8344</key>
		<dict>
			<key>fileRef</key>
			<string>2BBE39DD16CF48CF00DF8344</string>
			<key>isa</key>
			<string>PBXBuildFile</string>
		</dict>
		<key>2BBE39F416CF48CF00DF8344</key>
		<dict>
			<key>fileRef</key>
			<string>2BBE39DE16CF48CF00DF8344</string>
			<key>isa</key>
			<string>PBXBuildFile</string>
		</dict>
		<key>2BBE39F516CF48CF00DF8344</key>
		<dict>
			<key>fileRef</key>
			<string>2BBE39DF16CF48CF00DF8344</string>
			<key>isa</key>
			<string>PBXBuildFile</string>
		</dict>
		<key>2BBE39F616CF48CF00DF8344</key>
		<dict>
			<key>fileRef</key>
			<string>2BBE39E016CF48CF00DF8344</string>
			<key>isa</key>
			<string>PBXBuildFile</string>
		</dict>
		<key>2BBE39F716CF48CF00DF8344</key>
		<dict>
			<key>fileRef</key>
			<string>2BBE39E116CF48CF00DF8344</string>
			<key>isa</key>
			<string>PBXBuildFile</string>
		</dict>
		<key>2BBE39F816CF48CF00DF8344</key>
		<dict>
			<key>fileRef</key>
			<string>2BBE39E216CF48CF00DF8344</string>
			<key>isa</key>
			<string>PBXBuildFile</string>
		</dict>
		<key>2BBE39F916CF48CF00DF8344</key>
		<dict>
			<key>fileRef</key>
			<string>2BBE39E316CF48CF00DF8344</string>
			<key>isa</key>
			<string>PBXBuildFile</string>
		</dict>
		<key>2BBE39FA16CF48CF00DF8344</key>
		<dict>
			<key>fileRef</key>
			<string>2BBE39E416CF48CF00DF8344</string>
			<key>isa</key>
			<string>PBXBuildFile</string>
		</dict>
		<key>2BBE39FB16CF48CF00DF8344</key>
		<dict>
			<key>fileRef</key>
			<string>2BBE39E516CF48CF00DF8344</string>
			<key>isa</key>
			<string>PBXBuildFile</string>
		</dict>
		<key>2BBE39FC16CF48CF00DF8344</key>
		<dict>
			<key>fileRef</key>
			<string>2BBE39E616CF48CF00DF8344</string>
			<key>isa</key>
			<string>PBXBuildFile</string>
		</dict>
		<key>2BBE39FD16CF48CF00DF8344</key>
		<dict>
			<key>fileRef</key>
			<string>2BBE39E716CF48CF00DF8344</string>
			<key>isa</key>
			<string>PBXBuildFile</string>
		</dict>
		<key>2BBE39FE16CF48CF00DF8344</key>
		<dict>
			<key>fileRef</key>
			<string>2BBE39E816CF48CF00DF8344</string>
			<key>isa</key>
			<string>PBXBuildFile</string>
		</dict>
		<key>2BBE39FF16CF48CF00DF8344</key>
		<dict>
			<key>fileRef</key>
			<string>2BBE39E916CF48CF00DF8344</string>
			<key>isa</key>
			<string>PBXBuildFile</string>
		</dict>
		<key>2BBE3A0016CF48CF00DF8344</key>
		<dict>
			<key>fileRef</key>
			<string>2BBE39EA16CF48CF00DF8344</string>
			<key>isa</key>
			<string>PBXBuildFile</string>
		</dict>
		<key>2BBE3A0116CF48CF00DF8344</key>
		<dict>
			<key>fileRef</key>
			<string>2BBE39EB16CF48CF00DF8344</string>
			<key>isa</key>
			<string>PBXBuildFile</string>
		</dict>
		<key>2BBE3A0216CF48CF00DF8344</key>
		<dict>
			<key>fileRef</key>
			<string>2BBE39EC16CF48CF00DF8344</string>
			<key>isa</key>
			<string>PBXBuildFile</string>
		</dict>
		<key>2BBE3A0316CF48CF00DF8344</key>
		<dict>
			<key>fileRef</key>
			<string>2BBE39ED16CF48CF00DF8344</string>
			<key>isa</key>
			<string>PBXBuildFile</string>
		</dict>
		<key>2BBE3A0416CF492100DF8344</key>
		<dict>
			<key>children</key>
			<array>
				<string>2BABF36616CF8541005B407B</string>
				<string>2B6DD23E16CF75B800DA082A</string>
				<string>2BBE3A1D16CF52EF00DF8344</string>
				<string>2BBE3A0516CF492600DF8344</string>
			</array>
			<key>isa</key>
			<string>PBXGroup</string>
			<key>name</key>
			<string>classes</string>
			<key>sourceTree</key>
			<string>&lt;group&gt;</string>
		</dict>
		<key>2BBE3A0516CF492600DF8344</key>
		<dict>
			<key>children</key>
			<array>
				<string>2BBE3A0616CF494400DF8344</string>
				<string>2BBE3A0716CF494400DF8344</string>
			</array>
			<key>isa</key>
			<string>PBXGroup</string>
			<key>name</key>
			<string>common</string>
			<key>sourceTree</key>
			<string>&lt;group&gt;</string>
		</dict>
		<key>2BBE3A0616CF494400DF8344</key>
		<dict>
			<key>fileEncoding</key>
			<string>4</string>
			<key>isa</key>
			<string>PBXFileReference</string>
			<key>lastKnownFileType</key>
			<string>sourcecode.c.h</string>
			<key>name</key>
			<string>MMCommon.h</string>
			<key>path</key>
			<string>classes/common/MMCommon.h</string>
			<key>sourceTree</key>
			<string>&lt;group&gt;</string>
		</dict>
		<key>2BBE3A0716CF494400DF8344</key>
		<dict>
			<key>fileEncoding</key>
			<string>4</string>
			<key>isa</key>
			<string>PBXFileReference</string>
			<key>lastKnownFileType</key>
			<string>sourcecode.c.objc</string>
			<key>name</key>
			<string>MMCommon.m</string>
			<key>path</key>
			<string>classes/common/MMCommon.m</string>
			<key>sourceTree</key>
			<string>&lt;group&gt;</string>
		</dict>
		<key>2BBE3A0816CF494400DF8344</key>
		<dict>
			<key>fileRef</key>
			<string>2BBE3A0716CF494400DF8344</string>
			<key>isa</key>
			<string>PBXBuildFile</string>
		</dict>
		<key>2BBE3A0916CF4A9600DF8344</key>
		<dict>
			<key>isa</key>
			<string>PBXFileReference</string>
			<key>lastKnownFileType</key>
			<string>wrapper.framework</string>
			<key>name</key>
			<string>CoreLocation.framework</string>
			<key>path</key>
			<string>System/Library/Frameworks/CoreLocation.framework</string>
			<key>sourceTree</key>
			<string>SDKROOT</string>
		</dict>
		<key>2BBE3A0B16CF4AA200DF8344</key>
		<dict>
			<key>fileRef</key>
			<string>2BBE3A0916CF4A9600DF8344</string>
			<key>isa</key>
			<string>PBXBuildFile</string>
		</dict>
		<key>2BBE3A0C16CF4AE200DF8344</key>
		<dict>
			<key>isa</key>
			<string>PBXFileReference</string>
			<key>lastKnownFileType</key>
			<string>wrapper.framework</string>
			<key>name</key>
			<string>SystemConfiguration.framework</string>
			<key>path</key>
			<string>System/Library/Frameworks/SystemConfiguration.framework</string>
			<key>sourceTree</key>
			<string>SDKROOT</string>
		</dict>
		<key>2BBE3A0D16CF4AE200DF8344</key>
		<dict>
			<key>fileRef</key>
			<string>2BBE3A0C16CF4AE200DF8344</string>
			<key>isa</key>
			<string>PBXBuildFile</string>
		</dict>
		<key>2BBE3A0E16CF4AED00DF8344</key>
		<dict>
			<key>isa</key>
			<string>PBXFileReference</string>
			<key>lastKnownFileType</key>
			<string>wrapper.framework</string>
			<key>name</key>
			<string>OpenGLES.framework</string>
			<key>path</key>
			<string>System/Library/Frameworks/OpenGLES.framework</string>
			<key>sourceTree</key>
			<string>SDKROOT</string>
		</dict>
		<key>2BBE3A0F16CF4AED00DF8344</key>
		<dict>
			<key>fileRef</key>
			<string>2BBE3A0E16CF4AED00DF8344</string>
			<key>isa</key>
			<string>PBXBuildFile</string>
		</dict>
		<key>2BBE3A1016CF4AF500DF8344</key>
		<dict>
			<key>isa</key>
			<string>PBXFileReference</string>
			<key>lastKnownFileType</key>
			<string>wrapper.framework</string>
			<key>name</key>
			<string>QuartzCore.framework</string>
			<key>path</key>
			<string>System/Library/Frameworks/QuartzCore.framework</string>
			<key>sourceTree</key>
			<string>SDKROOT</string>
		</dict>
		<key>2BBE3A1116CF4AF500DF8344</key>
		<dict>
			<key>fileRef</key>
			<string>2BBE3A1016CF4AF500DF8344</string>
			<key>isa</key>
			<string>PBXBuildFile</string>
		</dict>
		<key>2BBE3A1216CF4B0300DF8344</key>
		<dict>
			<key>isa</key>
			<string>PBXFileReference</string>
			<key>lastKnownFileType</key>
			<string>compiled.mach-o.dylib</string>
			<key>name</key>
			<string>libxml2.2.dylib</string>
			<key>path</key>
			<string>usr/lib/libxml2.2.dylib</string>
			<key>sourceTree</key>
			<string>SDKROOT</string>
		</dict>
		<key>2BBE3A1316CF4B0300DF8344</key>
		<dict>
			<key>fileRef</key>
			<string>2BBE3A1216CF4B0300DF8344</string>
			<key>isa</key>
			<string>PBXBuildFile</string>
		</dict>
		<key>2BBE3A1416CF4C4800DF8344</key>
		<dict>
			<key>children</key>
			<array>
				<string>2BABF35E16CF7CE7005B407B</string>
				<string>2BABF35F16CF7CE7005B407B</string>
				<string>2BABF36216CF8233005B407B</string>
				<string>2BABF36316CF8233005B407B</string>
				<string>2B6DD23A16CF758300DA082A</string>
				<string>2B6DD23B16CF758300DA082A</string>
				<string>2B6DD23216CF747D00DA082A</string>
				<string>2B6DD23316CF747D00DA082A</string>
				<string>2B6DD23416CF747D00DA082A</string>
				<string>2B6DD23516CF747D00DA082A</string>
				<string>2BBE3A1716CF4C9F00DF8344</string>
				<string>2BBE3A1516CF4C5100DF8344</string>
				<string>2B6DD22616CF60A100DA082A</string>
				<string>2B6DD22716CF60A100DA082A</string>
				<string>2BBE3A1916CF4E5F00DF8344</string>
				<string>2BBE3A1A16CF4E5F00DF8344</string>
			</array>
			<key>isa</key>
			<string>PBXGroup</string>
			<key>name</key>
			<string>images</string>
			<key>sourceTree</key>
			<string>&lt;group&gt;</string>
		</dict>
		<key>2BBE3A1516CF4C5100DF8344</key>
		<dict>
			<key>isa</key>
			<string>PBXFileReference</string>
			<key>lastKnownFileType</key>
			<string>image.png</string>
			<key>path</key>
			<string>search_button@2x.png</string>
			<key>sourceTree</key>
			<string>&lt;group&gt;</string>
		</dict>
		<key>2BBE3A1616CF4C5100DF8344</key>
		<dict>
			<key>fileRef</key>
			<string>2BBE3A1516CF4C5100DF8344</string>
			<key>isa</key>
			<string>PBXBuildFile</string>
		</dict>
		<key>2BBE3A1716CF4C9F00DF8344</key>
		<dict>
			<key>isa</key>
			<string>PBXFileReference</string>
			<key>lastKnownFileType</key>
			<string>image.png</string>
			<key>path</key>
			<string>search_button.png</string>
			<key>sourceTree</key>
			<string>&lt;group&gt;</string>
		</dict>
		<key>2BBE3A1816CF4C9F00DF8344</key>
		<dict>
			<key>fileRef</key>
			<string>2BBE3A1716CF4C9F00DF8344</string>
			<key>isa</key>
			<string>PBXBuildFile</string>
		</dict>
		<key>2BBE3A1916CF4E5F00DF8344</key>
		<dict>
			<key>isa</key>
			<string>PBXFileReference</string>
			<key>lastKnownFileType</key>
			<string>image.png</string>
			<key>path</key>
			<string>moya.png</string>
			<key>sourceTree</key>
			<string>&lt;group&gt;</string>
		</dict>
		<key>2BBE3A1A16CF4E5F00DF8344</key>
		<dict>
			<key>isa</key>
			<string>PBXFileReference</string>
			<key>lastKnownFileType</key>
			<string>image.png</string>
			<key>path</key>
			<string>moya@2x.png</string>
			<key>sourceTree</key>
			<string>&lt;group&gt;</string>
		</dict>
		<key>2BBE3A1B16CF4E5F00DF8344</key>
		<dict>
			<key>fileRef</key>
			<string>2BBE3A1916CF4E5F00DF8344</string>
			<key>isa</key>
			<string>PBXBuildFile</string>
		</dict>
		<key>2BBE3A1C16CF4E5F00DF8344</key>
		<dict>
			<key>fileRef</key>
			<string>2BBE3A1A16CF4E5F00DF8344</string>
			<key>isa</key>
			<string>PBXBuildFile</string>
		</dict>
		<key>2BBE3A1D16CF52EF00DF8344</key>
		<dict>
			<key>children</key>
			<array>
				<string>2BBE3A1E16CF531E00DF8344</string>
				<string>2BBE3A1F16CF531E00DF8344</string>
			</array>
			<key>isa</key>
			<string>PBXGroup</string>
			<key>name</key>
			<string>layers</string>
			<key>sourceTree</key>
			<string>&lt;group&gt;</string>
		</dict>
		<key>2BBE3A1E16CF531E00DF8344</key>
		<dict>
			<key>fileEncoding</key>
			<string>4</string>
			<key>isa</key>
			<string>PBXFileReference</string>
			<key>lastKnownFileType</key>
			<string>sourcecode.c.h</string>
			<key>name</key>
			<string>MMMoyaImage.h</string>
			<key>path</key>
			<string>classes/layers/MMMoyaImage.h</string>
			<key>sourceTree</key>
			<string>&lt;group&gt;</string>
		</dict>
		<key>2BBE3A1F16CF531E00DF8344</key>
		<dict>
			<key>fileEncoding</key>
			<string>4</string>
			<key>isa</key>
			<string>PBXFileReference</string>
			<key>lastKnownFileType</key>
			<string>sourcecode.c.objc</string>
			<key>name</key>
			<string>MMMoyaImage.m</string>
			<key>path</key>
			<string>classes/layers/MMMoyaImage.m</string>
			<key>sourceTree</key>
			<string>&lt;group&gt;</string>
		</dict>
		<key>2BBE3A2016CF531E00DF8344</key>
		<dict>
			<key>fileRef</key>
			<string>2BBE3A1F16CF531E00DF8344</string>
			<key>isa</key>
			<string>PBXBuildFile</string>
		</dict>
		<key>964DBC1D9C2C4A6081C9CFFD</key>
		<dict>
			<key>includeInIndex</key>
			<string>1</string>
			<key>isa</key>
			<string>PBXFileReference</string>
			<key>lastKnownFileType</key>
			<string>text.xcconfig</string>
			<key>name</key>
			<string>Pods.xcconfig</string>
			<key>path</key>
			<string>Pods/Pods.xcconfig</string>
			<key>sourceTree</key>
			<string>SOURCE_ROOT</string>
		</dict>
		<key>C77D0469D50D44BC831E64D1</key>
		<dict>
			<key>fileRef</key>
			<string>0ACE1148B6CA4C8B8CC38E7D</string>
			<key>isa</key>
			<string>PBXBuildFile</string>
			<key>settings</key>
			<dict/>
		</dict>
	</dict>
	<key>rootObject</key>
	<string>2B092D6A16CF0CC000D72D4E</string>
</dict>
</plist>
